# This file is generated by running "yarn install" inside your project.
# Manual changes might be lost - proceed with caution!

__metadata:
  version: 6
  cacheKey: 8

"@assemblyscript/loader@npm:0.19.22":
  version: 0.19.22
  resolution: "@assemblyscript/loader@npm:0.19.22"
  checksum: 248f933fe4b4745b9ac735e4d2cac9966404041960aa56bcbb3d9ebf60af76b2739d476d705e97b60f6657e460475527a635709396be07ebde417612454838e9
  languageName: node
  linkType: hard

"@types/crypto-js@npm:^4.0.2":
  version: 4.1.1
  resolution: "@types/crypto-js@npm:4.1.1"
  checksum: ea3d6a67b69f88baeb6af96004395903d2367a41bd5cd86306da23a44dd96589749495da50974a9b01bb5163c500764c8a33706831eade036bddae016417e3ea
  languageName: node
  linkType: hard

"@types/js-yaml@npm:^4.0.5":
  version: 4.0.5
  resolution: "@types/js-yaml@npm:4.0.5"
  checksum: 7dcac8c50fec31643cc9d6444b5503239a861414cdfaa7ae9a38bc22597c4d850c4b8cec3d82d73b3fbca408348ce223b0408d598b32e094470dfffc6d486b4d
  languageName: node
  linkType: hard

"@types/node@npm:^18.11.18":
  version: 18.11.18
  resolution: "@types/node@npm:18.11.18"
  checksum: 03f17f9480f8d775c8a72da5ea7e9383db5f6d85aa5fefde90dd953a1449bd5e4ffde376f139da4f3744b4c83942166d2a7603969a6f8ea826edfb16e6e3b49d
  languageName: node
  linkType: hard

"@types/shallowequal@npm:^1.1.1":
  version: 1.1.1
  resolution: "@types/shallowequal@npm:1.1.1"
  checksum: ed724c42d61b42e52306dfeb8c1af913a97f616a2098831a3f0801db3d391f00470dfe47f76fb213a087e4277dbf80857098aa2e56acb700f156befe06f6431f
  languageName: node
  linkType: hard

"@voiceflow/base-types@npm:^2.78.0":
  version: 2.78.0
  resolution: "@voiceflow/base-types@npm:2.78.0"
  dependencies:
    "@voiceflow/common": ^8.1.5
    slate: 0.73.0
  checksum: cfbe6d2f7742143ffe083ac55a259169cdd452ef4cf4c8246dd8bbb4aa22cbdffcfd78d940bdd887f99f2a0abb4ba49ae4fce9e1b8b823ebdf43a2fc36d67f00
  languageName: node
  linkType: hard

"@voiceflow/chat-types@npm:^2.13.17":
  version: 2.13.17
  resolution: "@voiceflow/chat-types@npm:2.13.17"
  dependencies:
    "@voiceflow/base-types": ^2.78.0
    "@voiceflow/common": ^8.1.5
  checksum: 8f8f9c7202794f62dfc3c3d6e73def893061b259073be07b1c16b1f3ef70b9115a445e0ae60be819dcef59929a7a9ee57825999a895876ec1df13a934df259af
  languageName: node
  linkType: hard

"@voiceflow/common@npm:^8.1.5":
  version: 8.1.5
  resolution: "@voiceflow/common@npm:8.1.5"
  dependencies:
    "@types/crypto-js": ^4.0.2
    "@types/shallowequal": ^1.1.1
    bson-objectid: ^2.0.1
    crypto-js: ^4.1.1
    cuid: ^2.1.8
    dayjs: 1.10.7
    lodash: ^4.17.21
    murmurhash-wasm: ^1.3.0
    number-to-words: ^1.2.4
    shallowequal: ^1.1.0
    typescript-fsa: 3.0.0
  checksum: 4c8ffb7caa6ec9fd77c9da3fc83c35524bd038b515d5ea6952ed67be4bc1f7c20c6c6bc74c5d6d593de5d9c4ac67fc95bfe53feaf7fc47d3ba2482e59f9178fa
  languageName: node
  linkType: hard

"@voiceflow/prettier-config@npm:^1.2.1":
  version: 1.2.1
  resolution: "@voiceflow/prettier-config@npm:1.2.1"
  peerDependencies:
    prettier: ^1.19.1 || ^2.0.0
  checksum: 1b144e471f22f331b377a5ffdf22b8090ff91d9fca36e3c1c713c698bd3b13009b834b2133baafa8a48bb39f02acceca80e9aacb0099cbe90721d41d02f1f835
  languageName: node
  linkType: hard

"@voiceflow/slate-serializer@npm:^1.3.0":
  version: 1.3.0
  resolution: "@voiceflow/slate-serializer@npm:1.3.0"
  dependencies:
    csstype: ^3.0.9
  peerDependencies:
    "@voiceflow/base-types": ^2.67.0
    react: ^17.0.2
    slate: ^0.72.3
  checksum: 68f0e3b2b1103879e0e27e46c9c836ebd51cedb0cf49426456c22ae8dd48ed9518d9893e51eef9d116be91bfcffea39e418cae1834cfd84cfb19b68dda5b3322
  languageName: node
  linkType: hard

"@voiceflow/voice-types@npm:^2.8.28":
  version: 2.8.28
  resolution: "@voiceflow/voice-types@npm:2.8.28"
  dependencies:
    "@voiceflow/base-types": ^2.78.0
    "@voiceflow/common": ^8.1.5
  checksum: ed3635069dfc4d7cd0ced911ff30676268a4faa031d50d38e0fed379fa5daebcdf4ccd42cd1c5e5c3a0fd91a878cc10f25a248392c6981803322b1daab6c9c10
  languageName: node
  linkType: hard

"@voiceflow/voiceflow-types@npm:^3.23.2":
  version: 3.23.2
  resolution: "@voiceflow/voiceflow-types@npm:3.23.2"
  dependencies:
    "@voiceflow/base-types": ^2.78.0
    "@voiceflow/chat-types": ^2.13.17
    "@voiceflow/voice-types": ^2.8.28
  checksum: 7aa8dcad232a1b968acc02cb16926b923d8479cc7abed7cebdec6af074be38f59d3a4fbb96485da281f12c753a1daff828b1ae7bcc9add8a110b7d662d07c6e9
  languageName: node
  linkType: hard

"ansi-regex@npm:^5.0.1":
  version: 5.0.1
  resolution: "ansi-regex@npm:5.0.1"
  checksum: 2aa4bb54caf2d622f1afdad09441695af2a83aa3fe8b8afa581d205e57ed4261c183c4d3877cee25794443fde5876417d859c108078ab788d6af7e4fe52eb66b
  languageName: node
  linkType: hard

"ansi-styles@npm:^4.0.0":
  version: 4.3.0
  resolution: "ansi-styles@npm:4.3.0"
  dependencies:
    color-convert: ^2.0.1
  checksum: 513b44c3b2105dd14cc42a19271e80f386466c4be574bccf60b627432f9198571ebf4ab1e4c3ba17347658f4ee1711c163d574248c0c1cdc2d5917a0ad582ec4
  languageName: node
  linkType: hard

"argparse@npm:^2.0.1":
  version: 2.0.1
  resolution: "argparse@npm:2.0.1"
  checksum: 83644b56493e89a254bae05702abf3a1101b4fa4d0ca31df1c9985275a5a5bd47b3c27b7fa0b71098d41114d8ca000e6ed90cad764b306f8a503665e4d517ced
  languageName: node
  linkType: hard

"base64-js@npm:^1.3.1":
  version: 1.5.1
  resolution: "base64-js@npm:1.5.1"
  checksum: 669632eb3745404c2f822a18fc3a0122d2f9a7a13f7fb8b5823ee19d1d2ff9ee5b52c53367176ea4ad093c332fd5ab4bd0ebae5a8e27917a4105a4cfc86b1005
  languageName: node
  linkType: hard

"bson-objectid@npm:^2.0.1":
  version: 2.0.4
  resolution: "bson-objectid@npm:2.0.4"
  checksum: 511a442cf8fb3691279911e53cf9476f9ecbe8f50e5c4887bf251160c48c86d4f1b140f1dfe890bbf9a2b7ce39732ed7caedfee1d1058e83741cef2d0e95082e
  languageName: node
  linkType: hard

"buffer@npm:6.0.3":
  version: 6.0.3
  resolution: "buffer@npm:6.0.3"
  dependencies:
    base64-js: ^1.3.1
    ieee754: ^1.2.1
  checksum: 5ad23293d9a731e4318e420025800b42bf0d264004c0286c8cc010af7a270c7a0f6522e84f54b9ad65cbd6db20b8badbfd8d2ebf4f80fa03dab093b89e68c3f9
  languageName: node
  linkType: hard

"cliui@npm:^8.0.1":
  version: 8.0.1
  resolution: "cliui@npm:8.0.1"
  dependencies:
    string-width: ^4.2.0
    strip-ansi: ^6.0.1
    wrap-ansi: ^7.0.0
  checksum: 79648b3b0045f2e285b76fb2e24e207c6db44323581e421c3acbd0e86454cba1b37aea976ab50195a49e7384b871e6dfb2247ad7dec53c02454ac6497394cb56
  languageName: node
  linkType: hard

"color-convert@npm:^2.0.1":
  version: 2.0.1
  resolution: "color-convert@npm:2.0.1"
  dependencies:
    color-name: ~1.1.4
  checksum: 79e6bdb9fd479a205c71d89574fccfb22bd9053bd98c6c4d870d65c132e5e904e6034978e55b43d69fcaa7433af2016ee203ce76eeba9cfa554b373e7f7db336
  languageName: node
  linkType: hard

"color-name@npm:~1.1.4":
  version: 1.1.4
  resolution: "color-name@npm:1.1.4"
  checksum: b0445859521eb4021cd0fb0cc1a75cecf67fceecae89b63f62b201cca8d345baf8b952c966862a9d9a2632987d4f6581f0ec8d957dfacece86f0a7919316f610
  languageName: node
  linkType: hard

"core-util-is@npm:~1.0.0":
  version: 1.0.3
  resolution: "core-util-is@npm:1.0.3"
  checksum: 9de8597363a8e9b9952491ebe18167e3b36e7707569eed0ebf14f8bba773611376466ae34575bca8cfe3c767890c859c74056084738f09d4e4a6f902b2ad7d99
  languageName: node
  linkType: hard

"cross-spawn@npm:^7.0.3":
  version: 7.0.3
  resolution: "cross-spawn@npm:7.0.3"
  dependencies:
    path-key: ^3.1.0
    shebang-command: ^2.0.0
    which: ^2.0.1
  checksum: 671cc7c7288c3a8406f3c69a3ae2fc85555c04169e9d611def9a675635472614f1c0ed0ef80955d5b6d4e724f6ced67f0ad1bb006c2ea643488fcfef994d7f52
  languageName: node
  linkType: hard

"crypto-js@npm:^4.1.1":
  version: 4.2.0
  resolution: "crypto-js@npm:4.2.0"
  checksum: f051666dbc077c8324777f44fbd3aaea2986f198fe85092535130d17026c7c2ccf2d23ee5b29b36f7a4a07312db2fae23c9094b644cc35f7858b1b4fcaf27774
  languageName: node
  linkType: hard

"csstype@npm:^3.0.9":
  version: 3.1.1
  resolution: "csstype@npm:3.1.1"
  checksum: 1f7b4f5fdd955b7444b18ebdddf3f5c699159f13e9cf8ac9027ae4a60ae226aef9bbb14a6e12ca7dba3358b007cee6354b116e720262867c398de6c955ea451d
  languageName: node
  linkType: hard

"cuid@npm:^2.1.8":
  version: 2.1.8
  resolution: "cuid@npm:2.1.8"
  checksum: 12b85b3f5150a6f0b9e4f345c8d98299d74647419151751fa1132f6702fe2b5388ceceb1c9b49bad7cab1b3ac033c7cedea8ffc034930f90005b8a4345025288
  languageName: node
  linkType: hard

"dayjs@npm:1.10.7":
  version: 1.10.7
  resolution: "dayjs@npm:1.10.7"
  checksum: a0a4ca95abaa03d0702161dc2c35d16121188e342f5052b9c61cdf784dab68af766f477c04f87f71c6af666fd4d13db9b9853b87265850d6093b7b04e1bb1cd7
  languageName: node
  linkType: hard

"emoji-regex@npm:^8.0.0":
  version: 8.0.0
  resolution: "emoji-regex@npm:8.0.0"
  checksum: d4c5c39d5a9868b5fa152f00cada8a936868fd3367f33f71be515ecee4c803132d11b31a6222b2571b1e5f7e13890156a94880345594d0ce7e3c9895f560f192
  languageName: node
  linkType: hard

"escalade@npm:^3.1.1":
  version: 3.1.1
  resolution: "escalade@npm:3.1.1"
  checksum: a3e2a99f07acb74b3ad4989c48ca0c3140f69f923e56d0cba0526240ee470b91010f9d39001f2a4a313841d237ede70a729e92125191ba5d21e74b106800b133
  languageName: node
  linkType: hard

"execa@npm:5.1.1":
  version: 5.1.1
  resolution: "execa@npm:5.1.1"
  dependencies:
    cross-spawn: ^7.0.3
    get-stream: ^6.0.0
    human-signals: ^2.1.0
    is-stream: ^2.0.0
    merge-stream: ^2.0.0
    npm-run-path: ^4.0.1
    onetime: ^5.1.2
    signal-exit: ^3.0.3
    strip-final-newline: ^2.0.0
  checksum: fba9022c8c8c15ed862847e94c252b3d946036d7547af310e344a527e59021fd8b6bb0723883ea87044dc4f0201f949046993124a42ccb0855cae5bf8c786343
  languageName: node
  linkType: hard

"get-caller-file@npm:^2.0.5":
  version: 2.0.5
  resolution: "get-caller-file@npm:2.0.5"
  checksum: b9769a836d2a98c3ee734a88ba712e62703f1df31b94b784762c433c27a386dd6029ff55c2a920c392e33657d80191edbf18c61487e198844844516f843496b9
  languageName: node
  linkType: hard

"get-stream@npm:^6.0.0":
  version: 6.0.1
  resolution: "get-stream@npm:6.0.1"
  checksum: e04ecece32c92eebf5b8c940f51468cd53554dcbb0ea725b2748be583c9523d00128137966afce410b9b051eb2ef16d657cd2b120ca8edafcf5a65e81af63cad
  languageName: node
  linkType: hard

"human-signals@npm:^2.1.0":
  version: 2.1.0
  resolution: "human-signals@npm:2.1.0"
  checksum: b87fd89fce72391625271454e70f67fe405277415b48bcc0117ca73d31fa23a4241787afdc8d67f5a116cf37258c052f59ea82daffa72364d61351423848e3b8
  languageName: node
  linkType: hard

"ieee754@npm:^1.2.1":
  version: 1.2.1
  resolution: "ieee754@npm:1.2.1"
  checksum: 5144c0c9815e54ada181d80a0b810221a253562422e7c6c3a60b1901154184f49326ec239d618c416c1c5945a2e197107aee8d986a3dd836b53dffefd99b5e7e
  languageName: node
  linkType: hard

"immediate@npm:~3.0.5":
  version: 3.0.6
  resolution: "immediate@npm:3.0.6"
  checksum: f9b3486477555997657f70318cc8d3416159f208bec4cca3ff3442fd266bc23f50f0c9bd8547e1371a6b5e82b821ec9a7044a4f7b944798b25aa3cc6d5e63e62
  languageName: node
  linkType: hard

"immer@npm:^9.0.6":
  version: 9.0.18
  resolution: "immer@npm:9.0.18"
  checksum: 85b3153dd01fce73c40591d0d6d7cd95878dab49f8ec4744c044adac05e0dab847b30c26259c478a5f87f974897be6df2780ff5bf86c8a0a27578fdeb300eb10
  languageName: node
  linkType: hard

"inherits@npm:~2.0.3":
  version: 2.0.4
  resolution: "inherits@npm:2.0.4"
  checksum: 4a48a733847879d6cf6691860a6b1e3f0f4754176e4d71494c41f3475553768b10f84b5ce1d40fbd0e34e6bfbb864ee35858ad4dd2cf31e02fc4a154b724d7f1
  languageName: node
  linkType: hard

"is-fullwidth-code-point@npm:^3.0.0":
  version: 3.0.0
  resolution: "is-fullwidth-code-point@npm:3.0.0"
  checksum: 44a30c29457c7fb8f00297bce733f0a64cd22eca270f83e58c105e0d015e45c019491a4ab2faef91ab51d4738c670daff901c799f6a700e27f7314029e99e348
  languageName: node
  linkType: hard

"is-plain-object@npm:^5.0.0":
  version: 5.0.0
  resolution: "is-plain-object@npm:5.0.0"
  checksum: e32d27061eef62c0847d303125440a38660517e586f2f3db7c9d179ae5b6674ab0f469d519b2e25c147a1a3bc87156d0d5f4d8821e0ce4a9ee7fe1fcf11ce45c
  languageName: node
  linkType: hard

"is-stream@npm:^2.0.0":
  version: 2.0.1
  resolution: "is-stream@npm:2.0.1"
  checksum: b8e05ccdf96ac330ea83c12450304d4a591f9958c11fd17bed240af8d5ffe08aedafa4c0f4cfccd4d28dc9d4d129daca1023633d5c11601a6cbc77521f6fae66
  languageName: node
  linkType: hard

"isarray@npm:~1.0.0":
  version: 1.0.0
  resolution: "isarray@npm:1.0.0"
  checksum: f032df8e02dce8ec565cf2eb605ea939bdccea528dbcf565cdf92bfa2da9110461159d86a537388ef1acef8815a330642d7885b29010e8f7eac967c9993b65ab
  languageName: node
  linkType: hard

"isexe@npm:^2.0.0":
  version: 2.0.0
  resolution: "isexe@npm:2.0.0"
  checksum: 26bf6c5480dda5161c820c5b5c751ae1e766c587b1f951ea3fcfc973bafb7831ae5b54a31a69bd670220e42e99ec154475025a468eae58ea262f813fdc8d1c62
  languageName: node
  linkType: hard

"js-yaml@npm:^4.1.0":
  version: 4.1.0
  resolution: "js-yaml@npm:4.1.0"
  dependencies:
    argparse: ^2.0.1
  bin:
    js-yaml: bin/js-yaml.js
  checksum: c7830dfd456c3ef2c6e355cc5a92e6700ceafa1d14bba54497b34a99f0376cecbb3e9ac14d3e5849b426d5a5140709a66237a8c991c675431271c4ce5504151a
  languageName: node
  linkType: hard

"jszip@npm:^3.10.1":
  version: 3.10.1
  resolution: "jszip@npm:3.10.1"
  dependencies:
    lie: ~3.3.0
    pako: ~1.0.2
    readable-stream: ~2.3.6
    setimmediate: ^1.0.5
  checksum: abc77bfbe33e691d4d1ac9c74c8851b5761fba6a6986630864f98d876f3fcc2d36817dfc183779f32c00157b5d53a016796677298272a714ae096dfe6b1c8b60
  languageName: node
  linkType: hard

"lie@npm:~3.3.0":
  version: 3.3.0
  resolution: "lie@npm:3.3.0"
  dependencies:
    immediate: ~3.0.5
  checksum: 33102302cf19766f97919a6a98d481e01393288b17a6aa1f030a3542031df42736edde8dab29ffdbf90bebeffc48c761eb1d064dc77592ca3ba3556f9fe6d2a8
  languageName: node
  linkType: hard

"lodash@npm:^4.17.21":
  version: 4.17.21
  resolution: "lodash@npm:4.17.21"
  checksum: eb835a2e51d381e561e508ce932ea50a8e5a68f4ebdd771ea240d3048244a8d13658acbd502cd4829768c56f2e16bdd4340b9ea141297d472517b83868e677f7
  languageName: node
  linkType: hard

"merge-stream@npm:^2.0.0":
  version: 2.0.0
  resolution: "merge-stream@npm:2.0.0"
  checksum: 6fa4dcc8d86629705cea944a4b88ef4cb0e07656ebf223fa287443256414283dd25d91c1cd84c77987f2aec5927af1a9db6085757cb43d90eb170ebf4b47f4f4
  languageName: node
  linkType: hard

"mimic-fn@npm:^2.1.0":
  version: 2.1.0
  resolution: "mimic-fn@npm:2.1.0"
  checksum: d2421a3444848ce7f84bd49115ddacff29c15745db73f54041edc906c14b131a38d05298dae3081667627a59b2eb1ca4b436ff2e1b80f69679522410418b478a
  languageName: node
  linkType: hard

"murmurhash-wasm@npm:^1.3.0":
  version: 1.3.0
  resolution: "murmurhash-wasm@npm:1.3.0"
  dependencies:
    "@assemblyscript/loader": 0.19.22
    buffer: 6.0.3
  checksum: d882bca086ccc4510c63a0c37015386d1df58f6893e2ff482750b451fc2ad62878204f6731a339f24790022f3b23595d01deee6ef3fdabcac0bb3ea2326cde8a
  languageName: node
  linkType: hard

"npm-run-path@npm:^4.0.1":
  version: 4.0.1
  resolution: "npm-run-path@npm:4.0.1"
  dependencies:
    path-key: ^3.0.0
  checksum: 5374c0cea4b0bbfdfae62da7bbdf1e1558d338335f4cacf2515c282ff358ff27b2ecb91ffa5330a8b14390ac66a1e146e10700440c1ab868208430f56b5f4d23
  languageName: node
  linkType: hard

"number-to-words@npm:^1.2.4":
  version: 1.2.4
  resolution: "number-to-words@npm:1.2.4"
  checksum: 468f4d745b18f961c7a6f933d3beb3f3b8b434f3daa2b3d891a43f5f43c6eeddea9f08bbc25d46a8221adaf2b31d5acc801ef6ece270190267ae79c6ac27857d
  languageName: node
  linkType: hard

"onetime@npm:^5.1.2":
  version: 5.1.2
  resolution: "onetime@npm:5.1.2"
  dependencies:
    mimic-fn: ^2.1.0
  checksum: 2478859ef817fc5d4e9c2f9e5728512ddd1dbc9fb7829ad263765bb6d3b91ce699d6e2332eef6b7dff183c2f490bd3349f1666427eaba4469fba0ac38dfd0d34
  languageName: node
  linkType: hard

"pako@npm:~1.0.2":
  version: 1.0.11
  resolution: "pako@npm:1.0.11"
  checksum: 1be2bfa1f807608c7538afa15d6f25baa523c30ec870a3228a89579e474a4d992f4293859524e46d5d87fd30fa17c5edf34dbef0671251d9749820b488660b16
  languageName: node
  linkType: hard

"path-key@npm:^3.0.0, path-key@npm:^3.1.0":
  version: 3.1.1
  resolution: "path-key@npm:3.1.1"
  checksum: 55cd7a9dd4b343412a8386a743f9c746ef196e57c823d90ca3ab917f90ab9f13dd0ded27252ba49dbdfcab2b091d998bc446f6220cd3cea65db407502a740020
  languageName: node
  linkType: hard

"prettier@npm:^2.8.4":
  version: 2.8.4
  resolution: "prettier@npm:2.8.4"
  bin:
    prettier: bin-prettier.js
  checksum: c173064bf3df57b6d93d19aa98753b9b9dd7657212e33b41ada8e2e9f9884066bb9ca0b4005b89b3ab137efffdf8fbe0b462785aba20364798ff4303aadda57e
  languageName: node
  linkType: hard

"process-nextick-args@npm:~2.0.0":
  version: 2.0.1
  resolution: "process-nextick-args@npm:2.0.1"
  checksum: 1d38588e520dab7cea67cbbe2efdd86a10cc7a074c09657635e34f035277b59fbb57d09d8638346bf7090f8e8ebc070c96fa5fd183b777fff4f5edff5e9466cf
  languageName: node
  linkType: hard

"rasa-export-script-demo@workspace:.":
  version: 0.0.0-use.local
  resolution: "rasa-export-script-demo@workspace:."
  dependencies:
    "@types/js-yaml": ^4.0.5
    "@types/node": ^18.11.18
    "@voiceflow/base-types": ^2.78.0
    "@voiceflow/prettier-config": ^1.2.1
    "@voiceflow/slate-serializer": ^1.3.0
    "@voiceflow/voiceflow-types": ^3.23.2
    execa: 5.1.1
    js-yaml: ^4.1.0
    jszip: ^3.10.1
    prettier: ^2.8.4
    transliteration: ^2.3.5
    typescript: ^4.9.4
  languageName: unknown
  linkType: soft

"readable-stream@npm:~2.3.6":
  version: 2.3.7
  resolution: "readable-stream@npm:2.3.7"
  dependencies:
    core-util-is: ~1.0.0
    inherits: ~2.0.3
    isarray: ~1.0.0
    process-nextick-args: ~2.0.0
    safe-buffer: ~5.1.1
    string_decoder: ~1.1.1
    util-deprecate: ~1.0.1
  checksum: e4920cf7549a60f8aaf694d483a0e61b2a878b969d224f89b3bc788b8d920075132c4b55a7494ee944c7b6a9a0eada28a7f6220d80b0312ece70bbf08eeca755
  languageName: node
  linkType: hard

"require-directory@npm:^2.1.1":
  version: 2.1.1
  resolution: "require-directory@npm:2.1.1"
  checksum: fb47e70bf0001fdeabdc0429d431863e9475e7e43ea5f94ad86503d918423c1543361cc5166d713eaa7029dd7a3d34775af04764bebff99ef413111a5af18c80
  languageName: node
  linkType: hard

"safe-buffer@npm:~5.1.0, safe-buffer@npm:~5.1.1":
  version: 5.1.2
  resolution: "safe-buffer@npm:5.1.2"
  checksum: f2f1f7943ca44a594893a852894055cf619c1fbcb611237fc39e461ae751187e7baf4dc391a72125e0ac4fb2d8c5c0b3c71529622e6a58f46b960211e704903c
  languageName: node
  linkType: hard

"setimmediate@npm:^1.0.5":
  version: 1.0.5
  resolution: "setimmediate@npm:1.0.5"
  checksum: c9a6f2c5b51a2dabdc0247db9c46460152ffc62ee139f3157440bd48e7c59425093f42719ac1d7931f054f153e2d26cf37dfeb8da17a794a58198a2705e527fd
  languageName: node
  linkType: hard

"shallowequal@npm:^1.1.0":
  version: 1.1.0
  resolution: "shallowequal@npm:1.1.0"
  checksum: f4c1de0837f106d2dbbfd5d0720a5d059d1c66b42b580965c8f06bb1db684be8783538b684092648c981294bf817869f743a066538771dbecb293df78f765e00
  languageName: node
  linkType: hard

"shebang-command@npm:^2.0.0":
  version: 2.0.0
  resolution: "shebang-command@npm:2.0.0"
  dependencies:
    shebang-regex: ^3.0.0
  checksum: 6b52fe87271c12968f6a054e60f6bde5f0f3d2db483a1e5c3e12d657c488a15474121a1d55cd958f6df026a54374ec38a4a963988c213b7570e1d51575cea7fa
  languageName: node
  linkType: hard

"shebang-regex@npm:^3.0.0":
  version: 3.0.0
  resolution: "shebang-regex@npm:3.0.0"
  checksum: 1a2bcae50de99034fcd92ad4212d8e01eedf52c7ec7830eedcf886622804fe36884278f2be8be0ea5fde3fd1c23911643a4e0f726c8685b61871c8908af01222
  languageName: node
  linkType: hard

"signal-exit@npm:^3.0.3":
  version: 3.0.7
  resolution: "signal-exit@npm:3.0.7"
  checksum: a2f098f247adc367dffc27845853e9959b9e88b01cb301658cfe4194352d8d2bb32e18467c786a7fe15f1d44b233ea35633d076d5e737870b7139949d1ab6318
  languageName: node
  linkType: hard

"slate@npm:0.73.0":
  version: 0.73.0
  resolution: "slate@npm:0.73.0"
  dependencies:
    immer: ^9.0.6
    is-plain-object: ^5.0.0
    tiny-warning: ^1.0.3
  checksum: 35c17fd4be73d477174c6964603222cd2d7437a614a23f430c7fd297dfcbc2a4174af45ef7b268d556d18c0ac38960c1a0f489736cf60a2f73cc6779d0117e57
  languageName: node
  linkType: hard

"string-width@npm:^4.1.0, string-width@npm:^4.2.0, string-width@npm:^4.2.3":
  version: 4.2.3
  resolution: "string-width@npm:4.2.3"
  dependencies:
    emoji-regex: ^8.0.0
    is-fullwidth-code-point: ^3.0.0
    strip-ansi: ^6.0.1
  checksum: e52c10dc3fbfcd6c3a15f159f54a90024241d0f149cf8aed2982a2d801d2e64df0bf1dc351cf8e95c3319323f9f220c16e740b06faecd53e2462df1d2b5443fb
  languageName: node
  linkType: hard

"string_decoder@npm:~1.1.1":
  version: 1.1.1
  resolution: "string_decoder@npm:1.1.1"
  dependencies:
    safe-buffer: ~5.1.0
  checksum: 9ab7e56f9d60a28f2be697419917c50cac19f3e8e6c28ef26ed5f4852289fe0de5d6997d29becf59028556f2c62983790c1d9ba1e2a3cc401768ca12d5183a5b
  languageName: node
  linkType: hard

"strip-ansi@npm:^6.0.0, strip-ansi@npm:^6.0.1":
  version: 6.0.1
  resolution: "strip-ansi@npm:6.0.1"
  dependencies:
    ansi-regex: ^5.0.1
  checksum: f3cd25890aef3ba6e1a74e20896c21a46f482e93df4a06567cebf2b57edabb15133f1f94e57434e0a958d61186087b1008e89c94875d019910a213181a14fc8c
  languageName: node
  linkType: hard

"strip-final-newline@npm:^2.0.0":
  version: 2.0.0
  resolution: "strip-final-newline@npm:2.0.0"
  checksum: 69412b5e25731e1938184b5d489c32e340605bb611d6140344abc3421b7f3c6f9984b21dff296dfcf056681b82caa3bb4cc996a965ce37bcfad663e92eae9c64
  languageName: node
  linkType: hard

"tiny-warning@npm:^1.0.3":
  version: 1.0.3
  resolution: "tiny-warning@npm:1.0.3"
  checksum: da62c4acac565902f0624b123eed6dd3509bc9a8d30c06e017104bedcf5d35810da8ff72864400ad19c5c7806fc0a8323c68baf3e326af7cb7d969f846100d71
  languageName: node
  linkType: hard

"transliteration@npm:^2.3.5":
  version: 2.3.5
  resolution: "transliteration@npm:2.3.5"
  dependencies:
    yargs: ^17.5.1
  bin:
    slugify: dist/bin/slugify
    transliterate: dist/bin/transliterate
  checksum: d8cf3af2c08235010c701f80d50d14e304582f201024e7e316de109935d2f8b0e2c7239db69eb4c02c010e921fe3ef25777c8cb9b04d640d86d1f295bc3966a7
  languageName: node
  linkType: hard

"typescript-fsa@npm:3.0.0":
  version: 3.0.0
  resolution: "typescript-fsa@npm:3.0.0"
  checksum: 5c84a6cf1c8a4b87f5623854b21819355139686ec45e191da3c5d89bb40fee3d949dde49a58ed396f98f709b8f0c878e4920bbc572cc45c71ca7d9e0deab4930
  languageName: node
  linkType: hard

"typescript@npm:^4.9.4":
  version: 4.9.4
  resolution: "typescript@npm:4.9.4"
  bin:
    tsc: bin/tsc
    tsserver: bin/tsserver
  checksum: e782fb9e0031cb258a80000f6c13530288c6d63f1177ed43f770533fdc15740d271554cdae86701c1dd2c83b082cea808b07e97fd68b38a172a83dbf9e0d0ef9
  languageName: node
  linkType: hard

"typescript@patch:typescript@^4.9.4#~builtin<compat/typescript>":
  version: 4.9.4
  resolution: "typescript@patch:typescript@npm%3A4.9.4#~builtin<compat/typescript>::version=4.9.4&hash=23ec76"
  bin:
    tsc: bin/tsc
    tsserver: bin/tsserver
  checksum: 3e2ab0772908676d9b9cb83398c70003a3b08e1c6b3b122409df9f4b520f2fdaefa20c3d7d57dce283fed760ac94b3ce94d4a7fa875127b67852904425a1f0dc
  languageName: node
  linkType: hard

"util-deprecate@npm:~1.0.1":
  version: 1.0.2
  resolution: "util-deprecate@npm:1.0.2"
  checksum: 474acf1146cb2701fe3b074892217553dfcf9a031280919ba1b8d651a068c9b15d863b7303cb15bd00a862b498e6cf4ad7b4a08fb134edd5a6f7641681cb54a2
  languageName: node
  linkType: hard

"which@npm:^2.0.1":
  version: 2.0.2
  resolution: "which@npm:2.0.2"
  dependencies:
    isexe: ^2.0.0
  bin:
    node-which: ./bin/node-which
  checksum: 1a5c563d3c1b52d5f893c8b61afe11abc3bab4afac492e8da5bde69d550de701cf9806235f20a47b5c8fa8a1d6a9135841de2596535e998027a54589000e66d1
  languageName: node
  linkType: hard

"wrap-ansi@npm:^7.0.0":
  version: 7.0.0
  resolution: "wrap-ansi@npm:7.0.0"
  dependencies:
    ansi-styles: ^4.0.0
    string-width: ^4.1.0
    strip-ansi: ^6.0.0
  checksum: a790b846fd4505de962ba728a21aaeda189b8ee1c7568ca5e817d85930e06ef8d1689d49dbf0e881e8ef84436af3a88bc49115c2e2788d841ff1b8b5b51a608b
  languageName: node
  linkType: hard

"y18n@npm:^5.0.5":
  version: 5.0.8
  resolution: "y18n@npm:5.0.8"
  checksum: 54f0fb95621ee60898a38c572c515659e51cc9d9f787fb109cef6fde4befbe1c4602dc999d30110feee37456ad0f1660fa2edcfde6a9a740f86a290999550d30
  languageName: node
  linkType: hard

"yargs-parser@npm:^21.1.1":
  version: 21.1.1
  resolution: "yargs-parser@npm:21.1.1"
  checksum: ed2d96a616a9e3e1cc7d204c62ecc61f7aaab633dcbfab2c6df50f7f87b393993fe6640d017759fe112d0cb1e0119f2b4150a87305cc873fd90831c6a58ccf1c
  languageName: node
  linkType: hard

"yargs@npm:^17.5.1":
  version: 17.6.2
  resolution: "yargs@npm:17.6.2"
  dependencies:
    cliui: ^8.0.1
    escalade: ^3.1.1
    get-caller-file: ^2.0.5
    require-directory: ^2.1.1
    string-width: ^4.2.3
    y18n: ^5.0.5
    yargs-parser: ^21.1.1
  checksum: 47da1b0d854fa16d45a3ded57b716b013b2179022352a5f7467409da5a04a1eef5b3b3d97a2dfc13e8bbe5f2ffc0afe3bc6a4a72f8254e60f5a4bd7947138643
  languageName: node
  linkType: hard
